
Microsoft Visual Studio Solution File, Format Version 12.00
# Visual Studio Version 16
VisualStudioVersion = 16.0.31313.79
MinimumVisualStudioVersion = 10.0.40219.1
Project("{FAE04EC0-301F-11D3-BF4B-00C04F79EFBC}") = "Calculator", "Calculator\Calculator.csproj", "{357DBFA1-7A2E-4866-B424-786503B40CFC}"
EndProject
Project("{FAE04EC0-301F-11D3-BF4B-00C04F79EFBC}") = "Calculator.Tests", "Calculator.Tests\Calculator.Tests.csproj", "{F2C148C2-AD0F-4EFD-BA8E-9CFB2C21F205}"
EndProject
Global
	GlobalSection(SolutionConfigurationPlatforms) = preSolution
		Debug|Any CPU = Debug|Any CPU
		Release|Any CPU = Release|Any CPU
	EndGlobalSection
	GlobalSection(ProjectConfigurationPlatforms) = postSolution
		{357DBFA1-7A2E-4866-B424-786503B40CFC}.Debug|Any CPU.ActiveCfg = Debug|Any CPU
		{357DBFA1-7A2E-4866-B424-786503B40CFC}.Debug|Any CPU.Build.0 = Debug|Any CPU
		{357DBFA1-7A2E-4866-B424-786503B40CFC}.Release|Any CPU.ActiveCfg = Release|Any CPU
		{357DBFA1-7A2E-4866-B424-786503B40CFC}.Release|Any CPU.Build.0 = Release|Any CPU
		{F2C148C2-AD0F-4EFD-BA8E-9CFB2C21F205}.Debug|Any CPU.ActiveCfg = Debug|Any CPU
		{F2C148C2-AD0F-4EFD-BA8E-9CFB2C21F205}.Debug|Any CPU.Build.0 = Debug|Any CPU
		{F2C148C2-AD0F-4EFD-BA8E-9CFB2C21F205}.Release|Any CPU.ActiveCfg = Release|Any CPU
		{F2C148C2-AD0F-4EFD-BA8E-9CFB2C21F205}.Release|Any CPU.Build.0 = Release|Any CPU
	EndGlobalSection
	GlobalSection(SolutionProperties) = preSolution
		HideSolutionNode = FALSE
	EndGlobalSection
	GlobalSection(ExtensibilityGlobals) = postSolution
		SolutionGuid = {C040553F-88E0-47ED-A8B3-4DCC8B79B3CA}
	EndGlobalSection
EndGlobal
